// !$*UTF8*$!
{
	archiveVersion = 1;
	classes = {
	};
	objectVersion = 56;
	objects = {

/* Begin PBXFileReference section */
		01D3CD31299FCFDB00F413E4 /* Main.swift */ = {isa = PBXFileReference; lastKnownFileType = sourcecode.swift; path = Main.swift; sourceTree = "<group>"; };
/* End PBXFileReference section */

/* Begin PBXGroup section */
		01D3CD2A299FCFCF00F413E4 = {
			isa = PBXGroup;
			children = (
				01D3CD31299FCFDB00F413E4 /* Main.swift */,
			);
			sourceTree = "<group>";
		};
/* End PBXGroup section */

/* Begin PBXProject section */
		01D3CD2B299FCFCF00F413E4 /* Project object */ = {
			isa = PBXProject;
			attributes = {
				BuildIndependentTargetsInParallel = 1;
				LastUpgradeCheck = 1420;
			};
			buildConfigurationList = 01D3CD2E299FCFCF00F413E4 /* Build configuration list for PBXProject "Learning Swift" */;
			compatibilityVersion = "Xcode 14.0";
			developmentRegion = en;
			hasScannedForEncodings = 0;
			knownRegions = (
				en,
				Base,
			);
			mainGroup = 01D3CD2A299FCFCF00F413E4;
			projectDirPath = "";
			projectRoot = "";
			targets = (
			);
		};
/* End PBXProject section */

/* Begin XCBuildConfiguration section */
		01D3CD2F299FCFCF00F413E4 /* Debug */ = {
			isa = XCBuildConfiguration;
			buildSettings = {
			};
			name = Debug;
		};
		01D3CD30299FCFCF00F413E4 /* Release */ = {
			isa = XCBuildConfiguration;
			buildSettings = {
			};
			name = Release;
		};
/* End XCBuildConfiguration section */

/* Begin XCConfigurationList section */
		01D3CD2E299FCFCF00F413E4 /* Build configuration list for PBXProject "Learning Swift" */ = {
			isa = XCConfigurationList;
			buildConfigurations = (
				01D3CD2F299FCFCF00F413E4 /* Debug */,
				01D3CD30299FCFCF00F413E4 /* Release */,
			);
			defaultConfigurationIsVisible = 0;
			defaultConfigurationName = Release;
		};
/* End XCConfigurationList section */
	};
	rootObject = 01D3CD2B299FCFCF00F413E4 /* Project object */;
}
